
Microsoft Visual Studio Solution File, Format Version 12.00
# Visual Studio Version 17
VisualStudioVersion = 17.6.33712.159
MinimumVisualStudioVersion = 10.0.40219.1
Project("{FAE04EC0-301F-11D3-BF4B-00C04F79EFBC}") = "LocalReportRenderer", "LocalReportRenderer.csproj", "{851CF7AA-1A89-4C50-B79D-B03E43FAF8F7}"
EndProject
Global
	GlobalSection(SolutionConfigurationPlatforms) = preSolution
		Debug|Any CPU = Debug|Any CPU
		Release|Any CPU = Release|Any CPU
	EndGlobalSection
	GlobalSection(ProjectConfigurationPlatforms) = postSolution
		{851CF7AA-1A89-4C50-B79D-B03E43FAF8F7}.Debug|Any CPU.ActiveCfg = Debug|Any CPU
		{851CF7AA-1A89-4C50-B79D-B03E43FAF8F7}.Debug|Any CPU.Build.0 = Debug|Any CPU
		{851CF7AA-1A89-4C50-B79D-B03E43FAF8F7}.Release|Any CPU.ActiveCfg = Release|Any CPU
		{851CF7AA-1A89-4C50-B79D-B03E43FAF8F7}.Release|Any CPU.Build.0 = Release|Any CPU
	EndGlobalSection
	GlobalSection(SolutionProperties) = preSolution
		HideSolutionNode = FALSE
	EndGlobalSection
	GlobalSection(ExtensibilityGlobals) = postSolution
		SolutionGuid = {3DC1C5AD-943B-4774-98A2-2A747D2BCA13}
	EndGlobalSection
EndGlobal
